
Microsoft Visual Studio Solution File, Format Version 12.00
# Visual Studio 15
VisualStudioVersion = 15.0.27130.2024
MinimumVisualStudioVersion = 10.0.40219.1
Project("{8BC9CEB8-8B4A-11D0-8D11-00A0C91BC942}") = "Shuffle", "Shuffle\Shuffle.vcxproj", "{6A675EBB-697F-4B56-BC80-F72DB6E6FEA5}"
EndProject
Project("{2150E333-8FDC-42A3-9474-1A3956D46DE8}") = "Solution Items", "Solution Items", "{B88A25C4-6D85-4568-8268-8422A298963E}"
EndProject
Global
	GlobalSection(SolutionConfigurationPlatforms) = preSolution
		Debug|x64 = Debug|x64
		Debug|x86 = Debug|x86
		Release|x64 = Release|x64
		Release|x86 = Release|x86
	EndGlobalSection
	GlobalSection(ProjectConfigurationPlatforms) = postSolution
		{6A675EBB-697F-4B56-BC80-F72DB6E6FEA5}.Debug|x64.ActiveCfg = Debug|x64
		{6A675EBB-697F-4B56-BC80-F72DB6E6FEA5}.Debug|x64.Build.0 = Debug|x64
		{6A675EBB-697F-4B56-BC80-F72DB6E6FEA5}.Debug|x86.ActiveCfg = Debug|Win32
		{6A675EBB-697F-4B56-BC80-F72DB6E6FEA5}.Debug|x86.Build.0 = Debug|Win32
		{6A675EBB-697F-4B56-BC80-F72DB6E6FEA5}.Release|x64.ActiveCfg = Release|x64
		{6A675EBB-697F-4B56-BC80-F72DB6E6FEA5}.Release|x64.Build.0 = Release|x64
		{6A675EBB-697F-4B56-BC80-F72DB6E6FEA5}.Release|x86.ActiveCfg = Release|Win32
		{6A675EBB-697F-4B56-BC80-F72DB6E6FEA5}.Release|x86.Build.0 = Release|Win32
	EndGlobalSection
	GlobalSection(SolutionProperties) = preSolution
		HideSolutionNode = FALSE
	EndGlobalSection
	GlobalSection(ExtensibilityGlobals) = postSolution
		SolutionGuid = {5B493E18-80C0-49A9-A106-AB74084B166B}
	EndGlobalSection
EndGlobal
